hash: 98aa73a925b922addbfd1c7b89a9a9d2f8f773c8453ca077b568597e3812a121
updated: 2016-06-11T21:49:46.366243+02:00
imports:
- name: github.com/bobziuchkovski/writ
  version: 08e3f25d8bc677e6dcf7b157614c712622556019
- name: github.com/gorilla/context
  version: aed02d124ae4a0e94fea4541c8effd05bf0c8296
- name: github.com/gorilla/handlers
  version: 66e6c6f01d8da976ee113437745ca029c2b585a6
- name: github.com/gorilla/mux
  version: 9fa818a44c2bf1396a17f9d5a3c0f6dd39d2ff8e
- name: github.com/lib/pq
  version: ee1442bda7bd1b6a84e913bdb421cb1874ec629d
  subpackages:
  - oid
- name: github.com/rcrowley/go-metrics
  version: eeba7bd0dd01ace6e690fa833b3f22aaec29af43
- name: github.com/vistarmedia/go-datadog
  version: d05578420bfaf173df31fc00580f57b904df6222
devImports: []
